{
  "name": "examples",
  "lockfileVersion": 3,
  "requires": true,
  "packages": {
    "": {
      "dependencies": {
        "typedrpc": "file:.."
      }
    },
    "..": {
      "version": "0.1.0",
      "license": "MIT",
      "dependencies": {
        "reflect-types": "^3.0.0",
        "rxjs": "^7.8.2"
      },
      "devDependencies": {
        "@types/bun": "^1.3.10"
      },
      "optionalDependencies": {
        "hono": "^4.12.8"
      }
    },
    "node_modules/typedrpc": {
      "resolved": "..",
      "link": true
    }
  }
}
