{
  "name": "typedrpc",
  "version": "1.0.0",
  "lockfileVersion": 3,
  "requires": true,
  "packages": {
    "": {
      "name": "typedrpc",
      "version": "1.0.0",
      "license": "MIT",
      "dependencies": {
        "reflect-types": "^2.4.1"
      }
    },
    "node_modules/reflect-types": {
      "version": "2.4.1",
      "resolved": "https://registry.npmjs.org/reflect-types/-/reflect-types-2.4.1.tgz",
      "integrity": "sha512-VfXAvOPOwhXeXE8vem2QmrSZCjcwdtRNQrGvhPlZcUk/7/npLTtTz3BHsOwp1Di3Ymx96QU6LzAa4WNhxNwawA==",
      "license": "MIT"
    }
  }
}
